{
  "name": "@singleware/backend",
  "version": "1.2.9",
  "lockfileVersion": 1,
  "requires": true,
  "dependencies": {
    "@singleware/application": {
      "version": "1.2.5",
      "resolved": "https://registry.npmjs.org/@singleware/application/-/application-1.2.5.tgz",
      "integrity": "sha512-TQMKK06p9XIsW47ohlH+3G3G2WcDV/uvoRzer+m1vR2cbdE1a0KWkz566CpfdB0eHseC0OfI0MG9zzBlzdLXWw==",
      "requires": {
        "@singleware/class": "^1.1.19",
        "@singleware/injection": "^1.0.19",
        "@singleware/observable": "^1.0.21",
        "@singleware/routing": "^1.0.28"
      }
    },
    "@singleware/class": {
      "version": "1.1.19",
      "resolved": "https://registry.npmjs.org/@singleware/class/-/class-1.1.19.tgz",
      "integrity": "sha512-WDZ+FF8Y+HCMvO3FDbl1id2AT/1GK96DQsg4ukmK3ESqudppbXXVzQe7UdaQJFpWw8yBifm+zAucUgGufXtQiQ=="
    },
    "@singleware/injection": {
      "version": "1.0.19",
      "resolved": "https://registry.npmjs.org/@singleware/injection/-/injection-1.0.19.tgz",
      "integrity": "sha512-x7KTgdNJLvdpjdzIZ3DjNgujoMD+fp6o9adTEXtN08+2GtTRgDBk3GPBCHdOMjt9bJmF5ha8vJMWMGkh/fC45g==",
      "requires": {
        "@singleware/class": "^1.1.14"
      }
    },
    "@singleware/observable": {
      "version": "1.0.21",
      "resolved": "https://registry.npmjs.org/@singleware/observable/-/observable-1.0.21.tgz",
      "integrity": "sha512-nUu9U2FdwEit0ZJU3bFER/fPPjpQX6nzVybMmGrPUYhU5nUm6uyp2n/+vxEdSvQKBpzU+kkntZVc7mTaQTcjVA==",
      "requires": {
        "@singleware/class": "^1.1.14"
      }
    },
    "@singleware/pipeline": {
      "version": "1.0.18",
      "resolved": "https://registry.npmjs.org/@singleware/pipeline/-/pipeline-1.0.18.tgz",
      "integrity": "sha512-3eOEGn8uJEBCwFRqq+FVCvHc3sG1kxZVYj+gY3Kst7Ldfk5vDz1kVJCXGNkX13MZgCFVNXhdOLuqQ+A6+OcqXQ==",
      "requires": {
        "@singleware/class": "^1.1.14",
        "@singleware/observable": "^1.0.21"
      }
    },
    "@singleware/routing": {
      "version": "1.0.28",
      "resolved": "https://registry.npmjs.org/@singleware/routing/-/routing-1.0.28.tgz",
      "integrity": "sha512-UiHXiKX7wPEiib467YBnioCZVTt67sd0oDRjb++72s8Vfd7x1uEmntalCPdcVZDqDeOmekkx60ksPZ+EG3YTQw==",
      "requires": {
        "@singleware/class": "^1.1.14",
        "@singleware/pipeline": "^1.0.18"
      }
    },
    "@types/node": {
      "version": "10.14.1",
      "resolved": "https://registry.npmjs.org/@types/node/-/node-10.14.1.tgz",
      "integrity": "sha512-Rymt08vh1GaW4vYB6QP61/5m/CFLGnFZP++bJpWbiNxceNa6RBipDmb413jvtSf/R1gg5a/jQVl2jY4XVRscEA==",
      "dev": true
    },
    "prettier": {
      "version": "1.16.4",
      "resolved": "https://registry.npmjs.org/prettier/-/prettier-1.16.4.tgz",
      "integrity": "sha512-ZzWuos7TI5CKUeQAtFd6Zhm2s6EpAD/ZLApIhsF9pRvRtM1RFo61dM/4MSRUA0SuLugA/zgrZD8m0BaY46Og7g==",
      "dev": true
    },
    "typescript": {
      "version": "2.9.2",
      "resolved": "https://registry.npmjs.org/typescript/-/typescript-2.9.2.tgz",
      "integrity": "sha512-Gr4p6nFNaoufRIY4NMdpQRNmgxVIGMs4Fcu/ujdYk3nAZqk7supzBE9idmvfZIlH/Cuj//dvi+019qEue9lV0w==",
      "dev": true
    }
  }
}
